
Microsoft Visual Studio Solution File, Format Version 12.00
# Visual Studio Version 17
VisualStudioVersion = 17.8.34330.188
MinimumVisualStudioVersion = 10.0.40219.1
Project("{8BC9CEB8-8B4A-11D0-8D11-00A0C91BC942}") = "race", "race.vcxproj", "{2F0DBAA1-8BF8-48C0-B02D-85F40FA208DB}"
EndProject
Project("{8BC9CEB8-8B4A-11D0-8D11-00A0C91BC942}") = "Type_of_vehicle", "Type_of_vehicle\Type_of_vehicle.vcxproj", "{33D7A8DA-73AB-48A5-8BE1-2666F6F1BB4C}"
EndProject
Global
	GlobalSection(SolutionConfigurationPlatforms) = preSolution
		Debug|x64 = Debug|x64
		Debug|x86 = Debug|x86
		Release|x64 = Release|x64
		Release|x86 = Release|x86
	EndGlobalSection
	GlobalSection(ProjectConfigurationPlatforms) = postSolution
		{2F0DBAA1-8BF8-48C0-B02D-85F40FA208DB}.Debug|x64.ActiveCfg = Debug|x64
		{2F0DBAA1-8BF8-48C0-B02D-85F40FA208DB}.Debug|x64.Build.0 = Debug|x64
		{2F0DBAA1-8BF8-48C0-B02D-85F40FA208DB}.Debug|x86.ActiveCfg = Debug|Win32
		{2F0DBAA1-8BF8-48C0-B02D-85F40FA208DB}.Debug|x86.Build.0 = Debug|Win32
		{2F0DBAA1-8BF8-48C0-B02D-85F40FA208DB}.Release|x64.ActiveCfg = Release|x64
		{2F0DBAA1-8BF8-48C0-B02D-85F40FA208DB}.Release|x64.Build.0 = Release|x64
		{2F0DBAA1-8BF8-48C0-B02D-85F40FA208DB}.Release|x86.ActiveCfg = Release|Win32
		{2F0DBAA1-8BF8-48C0-B02D-85F40FA208DB}.Release|x86.Build.0 = Release|Win32
		{33D7A8DA-73AB-48A5-8BE1-2666F6F1BB4C}.Debug|x64.ActiveCfg = Debug|x64
		{33D7A8DA-73AB-48A5-8BE1-2666F6F1BB4C}.Debug|x64.Build.0 = Debug|x64
		{33D7A8DA-73AB-48A5-8BE1-2666F6F1BB4C}.Debug|x86.ActiveCfg = Debug|Win32
		{33D7A8DA-73AB-48A5-8BE1-2666F6F1BB4C}.Debug|x86.Build.0 = Debug|Win32
		{33D7A8DA-73AB-48A5-8BE1-2666F6F1BB4C}.Release|x64.ActiveCfg = Release|x64
		{33D7A8DA-73AB-48A5-8BE1-2666F6F1BB4C}.Release|x64.Build.0 = Release|x64
		{33D7A8DA-73AB-48A5-8BE1-2666F6F1BB4C}.Release|x86.ActiveCfg = Release|Win32
		{33D7A8DA-73AB-48A5-8BE1-2666F6F1BB4C}.Release|x86.Build.0 = Release|Win32
	EndGlobalSection
	GlobalSection(SolutionProperties) = preSolution
		HideSolutionNode = FALSE
	EndGlobalSection
	GlobalSection(ExtensibilityGlobals) = postSolution
		SolutionGuid = {5B805D17-BEB7-48BF-B5CB-A6E119431C73}
	EndGlobalSection
EndGlobal
