
Microsoft Visual Studio Solution File, Format Version 12.00
# Visual Studio Version 17
VisualStudioVersion = 17.8.34330.188
MinimumVisualStudioVersion = 10.0.40219.1
Project("{8BC9CEB8-8B4A-11D0-8D11-00A0C91BC942}") = "Type_of_vehicle", "Type_of_vehicle\Type_of_vehicle.vcxproj", "{33D7A8DA-73AB-48A5-8BE1-2666F6F1BB4C}"
EndProject
Project("{8BC9CEB8-8B4A-11D0-8D11-00A0C91BC942}") = "Race_programm", "Race_programm\Race_programm.vcxproj", "{806C571B-18C2-438C-99F7-DCF35267A3BF}"
EndProject
Global
	GlobalSection(SolutionConfigurationPlatforms) = preSolution
		Debug|x64 = Debug|x64
		Debug|x86 = Debug|x86
		Release|x64 = Release|x64
		Release|x86 = Release|x86
	EndGlobalSection
	GlobalSection(ProjectConfigurationPlatforms) = postSolution
		{33D7A8DA-73AB-48A5-8BE1-2666F6F1BB4C}.Debug|x64.ActiveCfg = Debug|x64
		{33D7A8DA-73AB-48A5-8BE1-2666F6F1BB4C}.Debug|x64.Build.0 = Debug|x64
		{33D7A8DA-73AB-48A5-8BE1-2666F6F1BB4C}.Debug|x86.ActiveCfg = Debug|Win32
		{33D7A8DA-73AB-48A5-8BE1-2666F6F1BB4C}.Debug|x86.Build.0 = Debug|Win32
		{33D7A8DA-73AB-48A5-8BE1-2666F6F1BB4C}.Release|x64.ActiveCfg = Release|x64
		{33D7A8DA-73AB-48A5-8BE1-2666F6F1BB4C}.Release|x64.Build.0 = Release|x64
		{33D7A8DA-73AB-48A5-8BE1-2666F6F1BB4C}.Release|x86.ActiveCfg = Release|Win32
		{33D7A8DA-73AB-48A5-8BE1-2666F6F1BB4C}.Release|x86.Build.0 = Release|Win32
		{806C571B-18C2-438C-99F7-DCF35267A3BF}.Debug|x64.ActiveCfg = Debug|x64
		{806C571B-18C2-438C-99F7-DCF35267A3BF}.Debug|x64.Build.0 = Debug|x64
		{806C571B-18C2-438C-99F7-DCF35267A3BF}.Debug|x86.ActiveCfg = Debug|Win32
		{806C571B-18C2-438C-99F7-DCF35267A3BF}.Debug|x86.Build.0 = Debug|Win32
		{806C571B-18C2-438C-99F7-DCF35267A3BF}.Release|x64.ActiveCfg = Release|x64
		{806C571B-18C2-438C-99F7-DCF35267A3BF}.Release|x64.Build.0 = Release|x64
		{806C571B-18C2-438C-99F7-DCF35267A3BF}.Release|x86.ActiveCfg = Release|Win32
		{806C571B-18C2-438C-99F7-DCF35267A3BF}.Release|x86.Build.0 = Release|Win32
	EndGlobalSection
	GlobalSection(SolutionProperties) = preSolution
		HideSolutionNode = FALSE
	EndGlobalSection
	GlobalSection(ExtensibilityGlobals) = postSolution
		SolutionGuid = {1E8C21E6-D4F3-47A8-A956-50130D2613D0}
	EndGlobalSection
EndGlobal
